
Microsoft Visual Studio Solution File, Format Version 12.00
# Visual Studio 15
VisualStudioVersion = 15.0.27130.2010
MinimumVisualStudioVersion = 10.0.40219.1
Project("{FAE04EC0-301F-11D3-BF4B-00C04F79EFBC}") = "kata_36", "kata_36\kata_36.csproj", "{2F88989A-60C3-401C-AC9C-99BC4D7A5564}"
EndProject
Project("{FAE04EC0-301F-11D3-BF4B-00C04F79EFBC}") = "kata_36Tests", "kata_36Tests\kata_36Tests.csproj", "{4491A070-3651-4C28-9FBE-7C1A6E6367BE}"
EndProject
Global
	GlobalSection(SolutionConfigurationPlatforms) = preSolution
		Debug|Any CPU = Debug|Any CPU
		Release|Any CPU = Release|Any CPU
	EndGlobalSection
	GlobalSection(ProjectConfigurationPlatforms) = postSolution
		{2F88989A-60C3-401C-AC9C-99BC4D7A5564}.Debug|Any CPU.ActiveCfg = Debug|Any CPU
		{2F88989A-60C3-401C-AC9C-99BC4D7A5564}.Debug|Any CPU.Build.0 = Debug|Any CPU
		{2F88989A-60C3-401C-AC9C-99BC4D7A5564}.Release|Any CPU.ActiveCfg = Release|Any CPU
		{2F88989A-60C3-401C-AC9C-99BC4D7A5564}.Release|Any CPU.Build.0 = Release|Any CPU
		{4491A070-3651-4C28-9FBE-7C1A6E6367BE}.Debug|Any CPU.ActiveCfg = Debug|Any CPU
		{4491A070-3651-4C28-9FBE-7C1A6E6367BE}.Debug|Any CPU.Build.0 = Debug|Any CPU
		{4491A070-3651-4C28-9FBE-7C1A6E6367BE}.Release|Any CPU.ActiveCfg = Release|Any CPU
		{4491A070-3651-4C28-9FBE-7C1A6E6367BE}.Release|Any CPU.Build.0 = Release|Any CPU
	EndGlobalSection
	GlobalSection(SolutionProperties) = preSolution
		HideSolutionNode = FALSE
	EndGlobalSection
	GlobalSection(ExtensibilityGlobals) = postSolution
		SolutionGuid = {1BDFD35A-2292-4605-A78E-2E1B60F8017B}
	EndGlobalSection
EndGlobal
