
Microsoft Visual Studio Solution File, Format Version 12.00
# Visual Studio 15
VisualStudioVersion = 15.0.27130.2010
MinimumVisualStudioVersion = 10.0.40219.1
Project("{FAE04EC0-301F-11D3-BF4B-00C04F79EFBC}") = "kata_31", "kata_31\kata_31.csproj", "{BB210541-DED8-4BB6-B140-642E45978B72}"
EndProject
Project("{FAE04EC0-301F-11D3-BF4B-00C04F79EFBC}") = "kata_31.Tests", "kata_31.Tests\kata_31.Tests.csproj", "{D641FFDE-67C8-454E-B8B3-BD51E7DBA1AB}"
EndProject
Global
	GlobalSection(SolutionConfigurationPlatforms) = preSolution
		Debug|Any CPU = Debug|Any CPU
		Release|Any CPU = Release|Any CPU
	EndGlobalSection
	GlobalSection(ProjectConfigurationPlatforms) = postSolution
		{BB210541-DED8-4BB6-B140-642E45978B72}.Debug|Any CPU.ActiveCfg = Debug|Any CPU
		{BB210541-DED8-4BB6-B140-642E45978B72}.Debug|Any CPU.Build.0 = Debug|Any CPU
		{BB210541-DED8-4BB6-B140-642E45978B72}.Release|Any CPU.ActiveCfg = Release|Any CPU
		{BB210541-DED8-4BB6-B140-642E45978B72}.Release|Any CPU.Build.0 = Release|Any CPU
		{D641FFDE-67C8-454E-B8B3-BD51E7DBA1AB}.Debug|Any CPU.ActiveCfg = Debug|Any CPU
		{D641FFDE-67C8-454E-B8B3-BD51E7DBA1AB}.Debug|Any CPU.Build.0 = Debug|Any CPU
		{D641FFDE-67C8-454E-B8B3-BD51E7DBA1AB}.Release|Any CPU.ActiveCfg = Release|Any CPU
		{D641FFDE-67C8-454E-B8B3-BD51E7DBA1AB}.Release|Any CPU.Build.0 = Release|Any CPU
	EndGlobalSection
	GlobalSection(SolutionProperties) = preSolution
		HideSolutionNode = FALSE
	EndGlobalSection
	GlobalSection(ExtensibilityGlobals) = postSolution
		SolutionGuid = {E4BE57B0-CF04-42D4-8C96-C72162FC768C}
	EndGlobalSection
EndGlobal
